
Microsoft Visual Studio Solution File, Format Version 12.00
# Visual Studio Version 17
VisualStudioVersion = 17.12.35514.174
MinimumVisualStudioVersion = 10.0.40219.1
Project("{FAE04EC0-301F-11D3-BF4B-00C04F79EFBC}") = "CardGrabber", "CardGrabber\CardGrabber.csproj", "{23618431-8C24-4174-ABAD-C5373B6DA51C}"
EndProject
Project("{00D1A9C2-B5F0-4AF3-8072-F6C62B433612}") = "CardGrabberDB", "CardGrabberDB\CardGrabberDB.sqlproj", "{9C020F58-443C-4571-AE8C-CC3606C56AD4}"
EndProject
Global
	GlobalSection(SolutionConfigurationPlatforms) = preSolution
		Debug|Any CPU = Debug|Any CPU
		Release|Any CPU = Release|Any CPU
	EndGlobalSection
	GlobalSection(ProjectConfigurationPlatforms) = postSolution
		{23618431-8C24-4174-ABAD-C5373B6DA51C}.Debug|Any CPU.ActiveCfg = Debug|Any CPU
		{23618431-8C24-4174-ABAD-C5373B6DA51C}.Debug|Any CPU.Build.0 = Debug|Any CPU
		{23618431-8C24-4174-ABAD-C5373B6DA51C}.Release|Any CPU.ActiveCfg = Release|Any CPU
		{23618431-8C24-4174-ABAD-C5373B6DA51C}.Release|Any CPU.Build.0 = Release|Any CPU
		{9C020F58-443C-4571-AE8C-CC3606C56AD4}.Debug|Any CPU.ActiveCfg = Debug|Any CPU
		{9C020F58-443C-4571-AE8C-CC3606C56AD4}.Debug|Any CPU.Build.0 = Debug|Any CPU
		{9C020F58-443C-4571-AE8C-CC3606C56AD4}.Debug|Any CPU.Deploy.0 = Debug|Any CPU
		{9C020F58-443C-4571-AE8C-CC3606C56AD4}.Release|Any CPU.ActiveCfg = Release|Any CPU
		{9C020F58-443C-4571-AE8C-CC3606C56AD4}.Release|Any CPU.Build.0 = Release|Any CPU
		{9C020F58-443C-4571-AE8C-CC3606C56AD4}.Release|Any CPU.Deploy.0 = Release|Any CPU
	EndGlobalSection
	GlobalSection(SolutionProperties) = preSolution
		HideSolutionNode = FALSE
	EndGlobalSection
EndGlobal
